
Microsoft Visual Studio Solution File, Format Version 12.00
# Visual Studio Version 17
VisualStudioVersion = 17.5.33516.290
MinimumVisualStudioVersion = 10.0.40219.1
Project("{2150E333-8FDC-42A3-9474-1A3956D46DE8}") = "src", "src", "{E8674178-27F3-412A-90D4-33A8A6BED0E6}"
EndProject
Project("{2150E333-8FDC-42A3-9474-1A3956D46DE8}") = "Services", "Services", "{FFA0164B-2E43-4297-A53A-E869F402EE44}"
EndProject
Project("{2150E333-8FDC-42A3-9474-1A3956D46DE8}") = "Building Blocks", "Building Blocks", "{0A6ED4F8-7E97-49F6-A38E-6E13E0FEB511}"
EndProject
Project("{2150E333-8FDC-42A3-9474-1A3956D46DE8}") = "Cliente", "Cliente", "{62D868CD-E998-449D-A763-CC71E1239E8C}"
EndProject
Project("{2150E333-8FDC-42A3-9474-1A3956D46DE8}") = "Produto", "Produto", "{C995345F-45C2-4C8D-8661-FF1277CA6B12}"
EndProject
Project("{2150E333-8FDC-42A3-9474-1A3956D46DE8}") = "Pedido", "Pedido", "{3DD4FCFB-B43B-4035-883E-A3FFB14CBC23}"
EndProject
Project("{2150E333-8FDC-42A3-9474-1A3956D46DE8}") = "Pagamento", "Pagamento", "{2D6BD7A3-6125-48D7-9942-12ACA69CD96A}"
EndProject
Project("{9A19103F-16F7-4668-BE54-9A1E7A4F7556}") = "RH.Cliente.API", "src\services\RH.Cliente.API\RH.Cliente.API.csproj", "{DC08E3E8-5675-47A3-BFE4-51F0CC65A8A3}"
EndProject
Project("{9A19103F-16F7-4668-BE54-9A1E7A4F7556}") = "RH.Pagamento.API", "src\services\RH.Pagamento.API\RH.Pagamento.API.csproj", "{5D70C820-1C4A-45E4-9FB3-425498E6D785}"
EndProject
Project("{9A19103F-16F7-4668-BE54-9A1E7A4F7556}") = "RH.Produto.API", "src\services\RH.Produto.API\RH.Produto.API.csproj", "{077973E5-15F5-42A8-8D32-F939E2D39684}"
EndProject
Project("{2150E333-8FDC-42A3-9474-1A3956D46DE8}") = "01 - Tests", "01 - Tests", "{F5A6CB6A-4637-4FDF-9EE8-083A40565E74}"
EndProject
Project("{2150E333-8FDC-42A3-9474-1A3956D46DE8}") = "01 - Testes de Unidade", "01 - Testes de Unidade", "{A8ED9E61-CCBC-416F-BD32-01DFBFBEDA12}"
EndProject
Project("{2150E333-8FDC-42A3-9474-1A3956D46DE8}") = "02 - Teste de Integracao", "02 - Teste de Integracao", "{3BAB77A5-5A6B-41EE-BF4C-709A6B86978F}"
EndProject
Project("{9A19103F-16F7-4668-BE54-9A1E7A4F7556}") = "RH.Pedidos.Application.Tests", "src\Tests\01 - Teste de Unidade\RH.Pedido.Application.Tests\RH.Pedidos.Application.Tests.csproj", "{8F8FEC63-18CC-4412-823A-BB666CF77167}"
EndProject
Project("{9A19103F-16F7-4668-BE54-9A1E7A4F7556}") = "RequestHouse.Domain.Tests", "src\Tests\01 - Teste de Unidade\RH.Pedido.Domain.Tests\RequestHouse.Domain.Tests.csproj", "{26FAA901-53C0-456D-8EF8-1D26D365A342}"
EndProject
Project("{2150E333-8FDC-42A3-9474-1A3956D46DE8}") = "Core", "Core", "{76DA5C3F-9EBE-4519-AD7D-01C9CABD1B8E}"
EndProject
Project("{9A19103F-16F7-4668-BE54-9A1E7A4F7556}") = "RH.Core", "src\building blocks\RH.Core\RH.Core.csproj", "{258BE781-191A-48D5-ADEE-12392004D0DF}"
EndProject
Project("{9A19103F-16F7-4668-BE54-9A1E7A4F7556}") = "RH.Pedidos.API", "src\services\RH.Pedidos.API\RH.Pedidos.API.csproj", "{57E55EEE-BBAD-4FF9-B645-4068C3685F2F}"
EndProject
Project("{9A19103F-16F7-4668-BE54-9A1E7A4F7556}") = "RH.Pedidos.Data", "src\services\RH.Pedidos.Data\RH.Pedidos.Data.csproj", "{70521631-FDEA-412C-85A7-538C91DD4D71}"
EndProject
Project("{9A19103F-16F7-4668-BE54-9A1E7A4F7556}") = "RH.Pedidos.Domain", "src\services\RH.Pedidos.Domain\RH.Pedidos.Domain.csproj", "{C88FDE44-EF56-4097-A65C-D6276BEECFC1}"
EndProject
Project("{9A19103F-16F7-4668-BE54-9A1E7A4F7556}") = "RH.Integration.Tests", "src\Tests\02 - Teste de Integracao\RH.PedidoApi.Tests\RH.Integration.Tests.csproj", "{F3831D4F-9E67-46B2-A1FC-CD1283BFFB3A}"
EndProject
Project("{2150E333-8FDC-42A3-9474-1A3956D46DE8}") = "Identidade", "Identidade", "{2ED1DFDE-593A-4B65-9317-3262AD1E6227}"
EndProject
Project("{9A19103F-16F7-4668-BE54-9A1E7A4F7556}") = "RH.Identidade.API", "src\services\RH.Identidade.API\RH.Identidade.API.csproj", "{80B0D0A3-6F9E-466E-9E85-D940EB16AE40}"
EndProject
Project("{2150E333-8FDC-42A3-9474-1A3956D46DE8}") = "MessageBus", "MessageBus", "{7B794868-082D-4FC2-B28F-C8E8E020D5B4}"
EndProject
Project("{9A19103F-16F7-4668-BE54-9A1E7A4F7556}") = "RH.MessageBus", "src\building blocks\RH.MessageBus\RH.MessageBus.csproj", "{F44C0A3B-0CCC-4D00-9424-2A30A3869665}"
EndProject
Project("{2150E333-8FDC-42A3-9474-1A3956D46DE8}") = "APIGateway", "APIGateway", "{FAA28C56-C335-4AA0-8E67-D8A8DCC4FDD0}"
EndProject
Project("{FAE04EC0-301F-11D3-BF4B-00C04F79EFBC}") = "SorteioVirtual", "src\services\SorteioVirtual\SorteioVirtual.csproj", "{DEA43D94-5381-4DFB-9C73-E8856258B5C4}"
EndProject
Global
	GlobalSection(SolutionConfigurationPlatforms) = preSolution
		Debug|Any CPU = Debug|Any CPU
		Release|Any CPU = Release|Any CPU
	EndGlobalSection
	GlobalSection(ProjectConfigurationPlatforms) = postSolution
		{DC08E3E8-5675-47A3-BFE4-51F0CC65A8A3}.Debug|Any CPU.ActiveCfg = Debug|Any CPU
		{DC08E3E8-5675-47A3-BFE4-51F0CC65A8A3}.Debug|Any CPU.Build.0 = Debug|Any CPU
		{DC08E3E8-5675-47A3-BFE4-51F0CC65A8A3}.Release|Any CPU.ActiveCfg = Release|Any CPU
		{DC08E3E8-5675-47A3-BFE4-51F0CC65A8A3}.Release|Any CPU.Build.0 = Release|Any CPU
		{5D70C820-1C4A-45E4-9FB3-425498E6D785}.Debug|Any CPU.ActiveCfg = Debug|Any CPU
		{5D70C820-1C4A-45E4-9FB3-425498E6D785}.Debug|Any CPU.Build.0 = Debug|Any CPU
		{5D70C820-1C4A-45E4-9FB3-425498E6D785}.Release|Any CPU.ActiveCfg = Release|Any CPU
		{5D70C820-1C4A-45E4-9FB3-425498E6D785}.Release|Any CPU.Build.0 = Release|Any CPU
		{077973E5-15F5-42A8-8D32-F939E2D39684}.Debug|Any CPU.ActiveCfg = Debug|Any CPU
		{077973E5-15F5-42A8-8D32-F939E2D39684}.Debug|Any CPU.Build.0 = Debug|Any CPU
		{077973E5-15F5-42A8-8D32-F939E2D39684}.Release|Any CPU.ActiveCfg = Release|Any CPU
		{077973E5-15F5-42A8-8D32-F939E2D39684}.Release|Any CPU.Build.0 = Release|Any CPU
		{8F8FEC63-18CC-4412-823A-BB666CF77167}.Debug|Any CPU.ActiveCfg = Debug|Any CPU
		{8F8FEC63-18CC-4412-823A-BB666CF77167}.Debug|Any CPU.Build.0 = Debug|Any CPU
		{8F8FEC63-18CC-4412-823A-BB666CF77167}.Release|Any CPU.ActiveCfg = Release|Any CPU
		{8F8FEC63-18CC-4412-823A-BB666CF77167}.Release|Any CPU.Build.0 = Release|Any CPU
		{26FAA901-53C0-456D-8EF8-1D26D365A342}.Debug|Any CPU.ActiveCfg = Debug|Any CPU
		{26FAA901-53C0-456D-8EF8-1D26D365A342}.Debug|Any CPU.Build.0 = Debug|Any CPU
		{26FAA901-53C0-456D-8EF8-1D26D365A342}.Release|Any CPU.ActiveCfg = Release|Any CPU
		{26FAA901-53C0-456D-8EF8-1D26D365A342}.Release|Any CPU.Build.0 = Release|Any CPU
		{258BE781-191A-48D5-ADEE-12392004D0DF}.Debug|Any CPU.ActiveCfg = Debug|Any CPU
		{258BE781-191A-48D5-ADEE-12392004D0DF}.Debug|Any CPU.Build.0 = Debug|Any CPU
		{258BE781-191A-48D5-ADEE-12392004D0DF}.Release|Any CPU.ActiveCfg = Release|Any CPU
		{258BE781-191A-48D5-ADEE-12392004D0DF}.Release|Any CPU.Build.0 = Release|Any CPU
		{57E55EEE-BBAD-4FF9-B645-4068C3685F2F}.Debug|Any CPU.ActiveCfg = Debug|Any CPU
		{57E55EEE-BBAD-4FF9-B645-4068C3685F2F}.Debug|Any CPU.Build.0 = Debug|Any CPU
		{57E55EEE-BBAD-4FF9-B645-4068C3685F2F}.Release|Any CPU.ActiveCfg = Release|Any CPU
		{57E55EEE-BBAD-4FF9-B645-4068C3685F2F}.Release|Any CPU.Build.0 = Release|Any CPU
		{70521631-FDEA-412C-85A7-538C91DD4D71}.Debug|Any CPU.ActiveCfg = Debug|Any CPU
		{70521631-FDEA-412C-85A7-538C91DD4D71}.Debug|Any CPU.Build.0 = Debug|Any CPU
		{70521631-FDEA-412C-85A7-538C91DD4D71}.Release|Any CPU.ActiveCfg = Release|Any CPU
		{70521631-FDEA-412C-85A7-538C91DD4D71}.Release|Any CPU.Build.0 = Release|Any CPU
		{C88FDE44-EF56-4097-A65C-D6276BEECFC1}.Debug|Any CPU.ActiveCfg = Debug|Any CPU
		{C88FDE44-EF56-4097-A65C-D6276BEECFC1}.Debug|Any CPU.Build.0 = Debug|Any CPU
		{C88FDE44-EF56-4097-A65C-D6276BEECFC1}.Release|Any CPU.ActiveCfg = Release|Any CPU
		{C88FDE44-EF56-4097-A65C-D6276BEECFC1}.Release|Any CPU.Build.0 = Release|Any CPU
		{F3831D4F-9E67-46B2-A1FC-CD1283BFFB3A}.Debug|Any CPU.ActiveCfg = Debug|Any CPU
		{F3831D4F-9E67-46B2-A1FC-CD1283BFFB3A}.Debug|Any CPU.Build.0 = Debug|Any CPU
		{F3831D4F-9E67-46B2-A1FC-CD1283BFFB3A}.Release|Any CPU.ActiveCfg = Release|Any CPU
		{F3831D4F-9E67-46B2-A1FC-CD1283BFFB3A}.Release|Any CPU.Build.0 = Release|Any CPU
		{80B0D0A3-6F9E-466E-9E85-D940EB16AE40}.Debug|Any CPU.ActiveCfg = Debug|Any CPU
		{80B0D0A3-6F9E-466E-9E85-D940EB16AE40}.Debug|Any CPU.Build.0 = Debug|Any CPU
		{80B0D0A3-6F9E-466E-9E85-D940EB16AE40}.Release|Any CPU.ActiveCfg = Release|Any CPU
		{80B0D0A3-6F9E-466E-9E85-D940EB16AE40}.Release|Any CPU.Build.0 = Release|Any CPU
		{F44C0A3B-0CCC-4D00-9424-2A30A3869665}.Debug|Any CPU.ActiveCfg = Debug|Any CPU
		{F44C0A3B-0CCC-4D00-9424-2A30A3869665}.Debug|Any CPU.Build.0 = Debug|Any CPU
		{F44C0A3B-0CCC-4D00-9424-2A30A3869665}.Release|Any CPU.ActiveCfg = Release|Any CPU
		{F44C0A3B-0CCC-4D00-9424-2A30A3869665}.Release|Any CPU.Build.0 = Release|Any CPU
		{DEA43D94-5381-4DFB-9C73-E8856258B5C4}.Debug|Any CPU.ActiveCfg = Debug|Any CPU
		{DEA43D94-5381-4DFB-9C73-E8856258B5C4}.Debug|Any CPU.Build.0 = Debug|Any CPU
		{DEA43D94-5381-4DFB-9C73-E8856258B5C4}.Release|Any CPU.ActiveCfg = Release|Any CPU
		{DEA43D94-5381-4DFB-9C73-E8856258B5C4}.Release|Any CPU.Build.0 = Release|Any CPU
	EndGlobalSection
	GlobalSection(SolutionProperties) = preSolution
		HideSolutionNode = FALSE
	EndGlobalSection
	GlobalSection(NestedProjects) = preSolution
		{FFA0164B-2E43-4297-A53A-E869F402EE44} = {E8674178-27F3-412A-90D4-33A8A6BED0E6}
		{0A6ED4F8-7E97-49F6-A38E-6E13E0FEB511} = {E8674178-27F3-412A-90D4-33A8A6BED0E6}
		{62D868CD-E998-449D-A763-CC71E1239E8C} = {FFA0164B-2E43-4297-A53A-E869F402EE44}
		{C995345F-45C2-4C8D-8661-FF1277CA6B12} = {FFA0164B-2E43-4297-A53A-E869F402EE44}
		{3DD4FCFB-B43B-4035-883E-A3FFB14CBC23} = {FFA0164B-2E43-4297-A53A-E869F402EE44}
		{2D6BD7A3-6125-48D7-9942-12ACA69CD96A} = {FFA0164B-2E43-4297-A53A-E869F402EE44}
		{DC08E3E8-5675-47A3-BFE4-51F0CC65A8A3} = {62D868CD-E998-449D-A763-CC71E1239E8C}
		{5D70C820-1C4A-45E4-9FB3-425498E6D785} = {2D6BD7A3-6125-48D7-9942-12ACA69CD96A}
		{077973E5-15F5-42A8-8D32-F939E2D39684} = {C995345F-45C2-4C8D-8661-FF1277CA6B12}
		{F5A6CB6A-4637-4FDF-9EE8-083A40565E74} = {E8674178-27F3-412A-90D4-33A8A6BED0E6}
		{A8ED9E61-CCBC-416F-BD32-01DFBFBEDA12} = {F5A6CB6A-4637-4FDF-9EE8-083A40565E74}
		{3BAB77A5-5A6B-41EE-BF4C-709A6B86978F} = {F5A6CB6A-4637-4FDF-9EE8-083A40565E74}
		{8F8FEC63-18CC-4412-823A-BB666CF77167} = {A8ED9E61-CCBC-416F-BD32-01DFBFBEDA12}
		{26FAA901-53C0-456D-8EF8-1D26D365A342} = {A8ED9E61-CCBC-416F-BD32-01DFBFBEDA12}
		{76DA5C3F-9EBE-4519-AD7D-01C9CABD1B8E} = {0A6ED4F8-7E97-49F6-A38E-6E13E0FEB511}
		{258BE781-191A-48D5-ADEE-12392004D0DF} = {76DA5C3F-9EBE-4519-AD7D-01C9CABD1B8E}
		{57E55EEE-BBAD-4FF9-B645-4068C3685F2F} = {3DD4FCFB-B43B-4035-883E-A3FFB14CBC23}
		{70521631-FDEA-412C-85A7-538C91DD4D71} = {3DD4FCFB-B43B-4035-883E-A3FFB14CBC23}
		{C88FDE44-EF56-4097-A65C-D6276BEECFC1} = {3DD4FCFB-B43B-4035-883E-A3FFB14CBC23}
		{F3831D4F-9E67-46B2-A1FC-CD1283BFFB3A} = {3BAB77A5-5A6B-41EE-BF4C-709A6B86978F}
		{2ED1DFDE-593A-4B65-9317-3262AD1E6227} = {FFA0164B-2E43-4297-A53A-E869F402EE44}
		{80B0D0A3-6F9E-466E-9E85-D940EB16AE40} = {2ED1DFDE-593A-4B65-9317-3262AD1E6227}
		{7B794868-082D-4FC2-B28F-C8E8E020D5B4} = {0A6ED4F8-7E97-49F6-A38E-6E13E0FEB511}
		{F44C0A3B-0CCC-4D00-9424-2A30A3869665} = {7B794868-082D-4FC2-B28F-C8E8E020D5B4}
		{FAA28C56-C335-4AA0-8E67-D8A8DCC4FDD0} = {FFA0164B-2E43-4297-A53A-E869F402EE44}
		{DEA43D94-5381-4DFB-9C73-E8856258B5C4} = {FAA28C56-C335-4AA0-8E67-D8A8DCC4FDD0}
	EndGlobalSection
	GlobalSection(ExtensibilityGlobals) = postSolution
		SolutionGuid = {4CFED03E-F4FE-4093-9B2E-5B4FE4E567A1}
	EndGlobalSection
EndGlobal
